// !$*UTF8*$!
{
	archiveVersion = 1;
	classes = {
	};
	objectVersion = 50;
	objects = {

/* Begin PBXBuildFile section */
		7365BB9E2553DF95002D9B85 /* CurrentWeatherCell.swift in Sources */ = {isa = PBXBuildFile; fileRef = 7365BB9D2553DF95002D9B85 /* CurrentWeatherCell.swift */; };
		7365BBA22553E0AB002D9B85 /* StringExtension.swift in Sources */ = {isa = PBXBuildFile; fileRef = 7365BBA12553E0AB002D9B85 /* StringExtension.swift */; };
		7365BBA62553E8B0002D9B85 /* ForecastCell.swift in Sources */ = {isa = PBXBuildFile; fileRef = 7365BBA52553E8B0002D9B85 /* ForecastCell.swift */; };
		7365BBAA2554CB34002D9B85 /* PutOn.swift in Sources */ = {isa = PBXBuildFile; fileRef = 7365BBA92554CB34002D9B85 /* PutOn.swift */; };
		7365BBAD25550D29002D9B85 /* PutOnManager.swift in Sources */ = {isa = PBXBuildFile; fileRef = 7365BBAC25550D29002D9B85 /* PutOnManager.swift */; };
		7365BBC52556950E002D9B85 /* LaunchScreen.storyboard in Resources */ = {isa = PBXBuildFile; fileRef = 7365BBC42556950E002D9B85 /* LaunchScreen.storyboard */; };
		736B8277253998B10027ED79 /* SampleData.swift in Sources */ = {isa = PBXBuildFile; fileRef = 736B8276253998B10027ED79 /* SampleData.swift */; };
		736B827C25399AB90027ED79 /* Weather.swift in Sources */ = {isa = PBXBuildFile; fileRef = 736B827B25399AB90027ED79 /* Weather.swift */; };
		736B82802539A2430027ED79 /* serviceError.swift in Sources */ = {isa = PBXBuildFile; fileRef = 736B827F2539A2430027ED79 /* serviceError.swift */; };
		736B82832539A3F80027ED79 /* ForecastServiceable.swift in Sources */ = {isa = PBXBuildFile; fileRef = 736B82822539A3F80027ED79 /* ForecastServiceable.swift */; };
		736B82862539A4260027ED79 /* ForecastServiceStub.swift in Sources */ = {isa = PBXBuildFile; fileRef = 736B82852539A4260027ED79 /* ForecastServiceStub.swift */; };
		736B82892539A4550027ED79 /* ForecastService.swift in Sources */ = {isa = PBXBuildFile; fileRef = 736B82882539A4550027ED79 /* ForecastService.swift */; };
		736B828C2539A4780027ED79 /* Endpoint.swift in Sources */ = {isa = PBXBuildFile; fileRef = 736B828B2539A4780027ED79 /* Endpoint.swift */; };
		736B8294253ADEC30027ED79 /* Forecast.swift in Sources */ = {isa = PBXBuildFile; fileRef = 736B8293253ADEC30027ED79 /* Forecast.swift */; };
		73C6245C253986EE00821DD6 /* AppDelegate.swift in Sources */ = {isa = PBXBuildFile; fileRef = 73C6245B253986EE00821DD6 /* AppDelegate.swift */; };
		73C6245E253986EE00821DD6 /* SceneDelegate.swift in Sources */ = {isa = PBXBuildFile; fileRef = 73C6245D253986EE00821DD6 /* SceneDelegate.swift */; };
		73C62465253986F100821DD6 /* Assets.xcassets in Resources */ = {isa = PBXBuildFile; fileRef = 73C62464253986F100821DD6 /* Assets.xcassets */; };
		73C6247A2539897600821DD6 /* WeatherViewConteroller.swift in Sources */ = {isa = PBXBuildFile; fileRef = 73C624792539897600821DD6 /* WeatherViewConteroller.swift */; };
		73CC247125441E6E00C524B2 /* WeatherView.swift in Sources */ = {isa = PBXBuildFile; fileRef = 73CC247025441E6E00C524B2 /* WeatherView.swift */; };
		73CC247F2544229500C524B2 /* then.swift in Sources */ = {isa = PBXBuildFile; fileRef = 73CC247E2544229500C524B2 /* then.swift */; };
		73CC2482254422D800C524B2 /* DateFormatter.swift in Sources */ = {isa = PBXBuildFile; fileRef = 73CC2481254422D800C524B2 /* DateFormatter.swift */; };
		73CC2485254429E100C524B2 /* frames.swift in Sources */ = {isa = PBXBuildFile; fileRef = 73CC2484254429E100C524B2 /* frames.swift */; };
		73CC248925442A4100C524B2 /* add.swift in Sources */ = {isa = PBXBuildFile; fileRef = 73CC248825442A4100C524B2 /* add.swift */; };
/* End PBXBuildFile section */

/* Begin PBXFileReference section */
		7365BB9D2553DF95002D9B85 /* CurrentWeatherCell.swift */ = {isa = PBXFileReference; lastKnownFileType = sourcecode.swift; path = CurrentWeatherCell.swift; sourceTree = "<group>"; };
		7365BBA12553E0AB002D9B85 /* StringExtension.swift */ = {isa = PBXFileReference; lastKnownFileType = sourcecode.swift; path = StringExtension.swift; sourceTree = "<group>"; };
		7365BBA52553E8B0002D9B85 /* ForecastCell.swift */ = {isa = PBXFileReference; lastKnownFileType = sourcecode.swift; path = ForecastCell.swift; sourceTree = "<group>"; };
		7365BBA92554CB34002D9B85 /* PutOn.swift */ = {isa = PBXFileReference; lastKnownFileType = sourcecode.swift; path = PutOn.swift; sourceTree = "<group>"; };
		7365BBAC25550D29002D9B85 /* PutOnManager.swift */ = {isa = PBXFileReference; lastKnownFileType = sourcecode.swift; path = PutOnManager.swift; sourceTree = "<group>"; };
		7365BBC42556950E002D9B85 /* LaunchScreen.storyboard */ = {isa = PBXFileReference; fileEncoding = 4; lastKnownFileType = file.storyboard; path = LaunchScreen.storyboard; sourceTree = "<group>"; };
		736B8276253998B10027ED79 /* SampleData.swift */ = {isa = PBXFileReference; lastKnownFileType = sourcecode.swift; path = SampleData.swift; sourceTree = "<group>"; };
		736B827B25399AB90027ED79 /* Weather.swift */ = {isa = PBXFileReference; lastKnownFileType = sourcecode.swift; path = Weather.swift; sourceTree = "<group>"; };
		736B827F2539A2430027ED79 /* serviceError.swift */ = {isa = PBXFileReference; lastKnownFileType = sourcecode.swift; path = serviceError.swift; sourceTree = "<group>"; };
		736B82822539A3F80027ED79 /* ForecastServiceable.swift */ = {isa = PBXFileReference; lastKnownFileType = sourcecode.swift; path = ForecastServiceable.swift; sourceTree = "<group>"; };
		736B82852539A4260027ED79 /* ForecastServiceStub.swift */ = {isa = PBXFileReference; lastKnownFileType = sourcecode.swift; path = ForecastServiceStub.swift; sourceTree = "<group>"; };
		736B82882539A4550027ED79 /* ForecastService.swift */ = {isa = PBXFileReference; lastKnownFileType = sourcecode.swift; path = ForecastService.swift; sourceTree = "<group>"; };
		736B828B2539A4780027ED79 /* Endpoint.swift */ = {isa = PBXFileReference; lastKnownFileType = sourcecode.swift; path = Endpoint.swift; sourceTree = "<group>"; };
		736B8293253ADEC30027ED79 /* Forecast.swift */ = {isa = PBXFileReference; lastKnownFileType = sourcecode.swift; path = Forecast.swift; sourceTree = "<group>"; };
		73C62458253986EE00821DD6 /* weatherPutOn.app */ = {isa = PBXFileReference; explicitFileType = wrapper.application; includeInIndex = 0; path = weatherPutOn.app; sourceTree = BUILT_PRODUCTS_DIR; };
		73C6245B253986EE00821DD6 /* AppDelegate.swift */ = {isa = PBXFileReference; lastKnownFileType = sourcecode.swift; path = AppDelegate.swift; sourceTree = "<group>"; };
		73C6245D253986EE00821DD6 /* SceneDelegate.swift */ = {isa = PBXFileReference; lastKnownFileType = sourcecode.swift; path = SceneDelegate.swift; sourceTree = "<group>"; };
		73C62464253986F100821DD6 /* Assets.xcassets */ = {isa = PBXFileReference; lastKnownFileType = folder.assetcatalog; path = Assets.xcassets; sourceTree = "<group>"; };
		73C62469253986F100821DD6 /* Info.plist */ = {isa = PBXFileReference; lastKnownFileType = text.plist.xml; path = Info.plist; sourceTree = "<group>"; };
		73C624792539897600821DD6 /* WeatherViewConteroller.swift */ = {isa = PBXFileReference; lastKnownFileType = sourcecode.swift; path = WeatherViewConteroller.swift; sourceTree = "<group>"; };
		73CC247025441E6E00C524B2 /* WeatherView.swift */ = {isa = PBXFileReference; lastKnownFileType = sourcecode.swift; path = WeatherView.swift; sourceTree = "<group>"; };
		73CC247E2544229500C524B2 /* then.swift */ = {isa = PBXFileReference; lastKnownFileType = sourcecode.swift; path = then.swift; sourceTree = "<group>"; };
		73CC2481254422D800C524B2 /* DateFormatter.swift */ = {isa = PBXFileReference; lastKnownFileType = sourcecode.swift; path = DateFormatter.swift; sourceTree = "<group>"; };
		73CC2484254429E100C524B2 /* frames.swift */ = {isa = PBXFileReference; lastKnownFileType = sourcecode.swift; path = frames.swift; sourceTree = "<group>"; };
		73CC248825442A4100C524B2 /* add.swift */ = {isa = PBXFileReference; lastKnownFileType = sourcecode.swift; path = add.swift; sourceTree = "<group>"; };
/* End PBXFileReference section */

/* Begin PBXFrameworksBuildPhase section */
		73C62455253986EE00821DD6 /* Frameworks */ = {
			isa = PBXFrameworksBuildPhase;
			buildActionMask = 2147483647;
			files = (
			);
			runOnlyForDeploymentPostprocessing = 0;
		};
/* End PBXFrameworksBuildPhase section */

/* Begin PBXGroup section */
		7365BB9C2553DF8B002D9B85 /* Cell */ = {
			isa = PBXGroup;
			children = (
				7365BB9D2553DF95002D9B85 /* CurrentWeatherCell.swift */,
				7365BBA52553E8B0002D9B85 /* ForecastCell.swift */,
			);
			path = Cell;
			sourceTree = "<group>";
		};
		736B82792539990F0027ED79 /* Resource */ = {
			isa = PBXGroup;
			children = (
				736B8276253998B10027ED79 /* SampleData.swift */,
				73C62464253986F100821DD6 /* Assets.xcassets */,
			);
			path = Resource;
			sourceTree = "<group>";
		};
		736B827A253999240027ED79 /* Application */ = {
			isa = PBXGroup;
			children = (
				73C6245B253986EE00821DD6 /* AppDelegate.swift */,
				73C6245D253986EE00821DD6 /* SceneDelegate.swift */,
			);
			path = Application;
			sourceTree = "<group>";
		};
		736B827E2539A2270027ED79 /* Service */ = {
			isa = PBXGroup;
			children = (
				736B827F2539A2430027ED79 /* serviceError.swift */,
				736B82822539A3F80027ED79 /* ForecastServiceable.swift */,
				736B82852539A4260027ED79 /* ForecastServiceStub.swift */,
				736B82882539A4550027ED79 /* ForecastService.swift */,
				736B828B2539A4780027ED79 /* Endpoint.swift */,
			);
			path = Service;
			sourceTree = "<group>";
		};
		73C6244F253986EE00821DD6 = {
			isa = PBXGroup;
			children = (
				73C6245A253986EE00821DD6 /* weatherPutOn */,
				73C62459253986EE00821DD6 /* Products */,
			);
			sourceTree = "<group>";
		};
		73C62459253986EE00821DD6 /* Products */ = {
			isa = PBXGroup;
			children = (
				73C62458253986EE00821DD6 /* weatherPutOn.app */,
			);
			name = Products;
			sourceTree = "<group>";
		};
		73C6245A253986EE00821DD6 /* weatherPutOn */ = {
			isa = PBXGroup;
			children = (
				7365BB9C2553DF8B002D9B85 /* Cell */,
				73CC247425441F2E00C524B2 /* Extension */,
				736B827A253999240027ED79 /* Application */,
				736B827E2539A2270027ED79 /* Service */,
				73C624732539876400821DD6 /* Controller */,
				73C624722539875E00821DD6 /* View */,
				73C624712539875600821DD6 /* Model */,
				736B82792539990F0027ED79 /* Resource */,
				73C62469253986F100821DD6 /* Info.plist */,
				7365BBC42556950E002D9B85 /* LaunchScreen.storyboard */,
			);
			path = weatherPutOn;
			sourceTree = "<group>";
		};
		73C624712539875600821DD6 /* Model */ = {
			isa = PBXGroup;
			children = (
				736B827B25399AB90027ED79 /* Weather.swift */,
				736B8293253ADEC30027ED79 /* Forecast.swift */,
				7365BBA92554CB34002D9B85 /* PutOn.swift */,
				7365BBAC25550D29002D9B85 /* PutOnManager.swift */,
			);
			path = Model;
			sourceTree = "<group>";
		};
		73C624722539875E00821DD6 /* View */ = {
			isa = PBXGroup;
			children = (
				73CC247025441E6E00C524B2 /* WeatherView.swift */,
			);
			path = View;
			sourceTree = "<group>";
		};
		73C624732539876400821DD6 /* Controller */ = {
			isa = PBXGroup;
			children = (
				73C624792539897600821DD6 /* WeatherViewConteroller.swift */,
			);
			path = Controller;
			sourceTree = "<group>";
		};
		73CC247425441F2E00C524B2 /* Extension */ = {
			isa = PBXGroup;
			children = (
				73CC247E2544229500C524B2 /* then.swift */,
				73CC2481254422D800C524B2 /* DateFormatter.swift */,
				73CC2484254429E100C524B2 /* frames.swift */,
				73CC248825442A4100C524B2 /* add.swift */,
				7365BBA12553E0AB002D9B85 /* StringExtension.swift */,
			);
			path = Extension;
			sourceTree = "<group>";
		};
/* End PBXGroup section */

/* Begin PBXNativeTarget section */
		73C62457253986EE00821DD6 /* weatherPutOn */ = {
			isa = PBXNativeTarget;
			buildConfigurationList = 73C6246C253986F100821DD6 /* Build configuration list for PBXNativeTarget "weatherPutOn" */;
			buildPhases = (
				73C62454253986EE00821DD6 /* Sources */,
				73C62455253986EE00821DD6 /* Frameworks */,
				73C62456253986EE00821DD6 /* Resources */,
			);
			buildRules = (
			);
			dependencies = (
			);
			name = weatherPutOn;
			productName = weatherPutOn;
			productReference = 73C62458253986EE00821DD6 /* weatherPutOn.app */;
			productType = "com.apple.product-type.application";
		};
/* End PBXNativeTarget section */

/* Begin PBXProject section */
		73C62450253986EE00821DD6 /* Project object */ = {
			isa = PBXProject;
			attributes = {
				LastSwiftUpdateCheck = 1200;
				LastUpgradeCheck = 1200;
				TargetAttributes = {
					73C62457253986EE00821DD6 = {
						CreatedOnToolsVersion = 12.0.1;
					};
				};
			};
			buildConfigurationList = 73C62453253986EE00821DD6 /* Build configuration list for PBXProject "weatherPutOn" */;
			compatibilityVersion = "Xcode 9.3";
			developmentRegion = en;
			hasScannedForEncodings = 0;
			knownRegions = (
				en,
				Base,
			);
			mainGroup = 73C6244F253986EE00821DD6;
			productRefGroup = 73C62459253986EE00821DD6 /* Products */;
			projectDirPath = "";
			projectRoot = "";
			targets = (
				73C62457253986EE00821DD6 /* weatherPutOn */,
			);
		};
/* End PBXProject section */

/* Begin PBXResourcesBuildPhase section */
		73C62456253986EE00821DD6 /* Resources */ = {
			isa = PBXResourcesBuildPhase;
			buildActionMask = 2147483647;
			files = (
				73C62465253986F100821DD6 /* Assets.xcassets in Resources */,
				7365BBC52556950E002D9B85 /* LaunchScreen.storyboard in Resources */,
			);
			runOnlyForDeploymentPostprocessing = 0;
		};
/* End PBXResourcesBuildPhase section */

/* Begin PBXSourcesBuildPhase section */
		73C62454253986EE00821DD6 /* Sources */ = {
			isa = PBXSourcesBuildPhase;
			buildActionMask = 2147483647;
			files = (
				73CC2482254422D800C524B2 /* DateFormatter.swift in Sources */,
				73C6245C253986EE00821DD6 /* AppDelegate.swift in Sources */,
				73CC248925442A4100C524B2 /* add.swift in Sources */,
				736B82892539A4550027ED79 /* ForecastService.swift in Sources */,
				736B82832539A3F80027ED79 /* ForecastServiceable.swift in Sources */,
				73CC247125441E6E00C524B2 /* WeatherView.swift in Sources */,
				736B82862539A4260027ED79 /* ForecastServiceStub.swift in Sources */,
				7365BBA62553E8B0002D9B85 /* ForecastCell.swift in Sources */,
				736B828C2539A4780027ED79 /* Endpoint.swift in Sources */,
				73C6247A2539897600821DD6 /* WeatherViewConteroller.swift in Sources */,
				73C6245E253986EE00821DD6 /* SceneDelegate.swift in Sources */,
				73CC247F2544229500C524B2 /* then.swift in Sources */,
				7365BB9E2553DF95002D9B85 /* CurrentWeatherCell.swift in Sources */,
				736B8277253998B10027ED79 /* SampleData.swift in Sources */,
				7365BBAD25550D29002D9B85 /* PutOnManager.swift in Sources */,
				73CC2485254429E100C524B2 /* frames.swift in Sources */,
				7365BBA22553E0AB002D9B85 /* StringExtension.swift in Sources */,
				7365BBAA2554CB34002D9B85 /* PutOn.swift in Sources */,
				736B82802539A2430027ED79 /* serviceError.swift in Sources */,
				736B8294253ADEC30027ED79 /* Forecast.swift in Sources */,
				736B827C25399AB90027ED79 /* Weather.swift in Sources */,
			);
			runOnlyForDeploymentPostprocessing = 0;
		};
/* End PBXSourcesBuildPhase section */

/* Begin XCBuildConfiguration section */
		73C6246A253986F100821DD6 /* Debug */ = {
			isa = XCBuildConfiguration;
			buildSettings = {
				ALWAYS_SEARCH_USER_PATHS = NO;
				CLANG_ANALYZER_NONNULL = YES;
				CLANG_ANALYZER_NUMBER_OBJECT_CONVERSION = YES_AGGRESSIVE;
				CLANG_CXX_LANGUAGE_STANDARD = "gnu++14";
				CLANG_CXX_LIBRARY = "libc++";
				CLANG_ENABLE_MODULES = YES;
				CLANG_ENABLE_OBJC_ARC = YES;
				CLANG_ENABLE_OBJC_WEAK = YES;
				CLANG_WARN_BLOCK_CAPTURE_AUTORELEASING = YES;
				CLANG_WARN_BOOL_CONVERSION = YES;
				CLANG_WARN_COMMA = YES;
				CLANG_WARN_CONSTANT_CONVERSION = YES;
				CLANG_WARN_DEPRECATED_OBJC_IMPLEMENTATIONS = YES;
				CLANG_WARN_DIRECT_OBJC_ISA_USAGE = YES_ERROR;
				CLANG_WARN_DOCUMENTATION_COMMENTS = YES;
				CLANG_WARN_EMPTY_BODY = YES;
				CLANG_WARN_ENUM_CONVERSION = YES;
				CLANG_WARN_INFINITE_RECURSION = YES;
				CLANG_WARN_INT_CONVERSION = YES;
				CLANG_WARN_NON_LITERAL_NULL_CONVERSION = YES;
				CLANG_WARN_OBJC_IMPLICIT_RETAIN_SELF = YES;
				CLANG_WARN_OBJC_LITERAL_CONVERSION = YES;
				CLANG_WARN_OBJC_ROOT_CLASS = YES_ERROR;
				CLANG_WARN_QUOTED_INCLUDE_IN_FRAMEWORK_HEADER = YES;
				CLANG_WARN_RANGE_LOOP_ANALYSIS = YES;
				CLANG_WARN_STRICT_PROTOTYPES = YES;
				CLANG_WARN_SUSPICIOUS_MOVE = YES;
				CLANG_WARN_UNGUARDED_AVAILABILITY = YES_AGGRESSIVE;
				CLANG_WARN_UNREACHABLE_CODE = YES;
				CLANG_WARN__DUPLICATE_METHOD_MATCH = YES;
				COPY_PHASE_STRIP = NO;
				DEBUG_INFORMATION_FORMAT = dwarf;
				ENABLE_STRICT_OBJC_MSGSEND = YES;
				ENABLE_TESTABILITY = YES;
				GCC_C_LANGUAGE_STANDARD = gnu11;
				GCC_DYNAMIC_NO_PIC = NO;
				GCC_NO_COMMON_BLOCKS = YES;
				GCC_OPTIMIZATION_LEVEL = 0;
				GCC_PREPROCESSOR_DEFINITIONS = (
					"DEBUG=1",
					"$(inherited)",
				);
				GCC_WARN_64_TO_32_BIT_CONVERSION = YES;
				GCC_WARN_ABOUT_RETURN_TYPE = YES_ERROR;
				GCC_WARN_UNDECLARED_SELECTOR = YES;
				GCC_WARN_UNINITIALIZED_AUTOS = YES_AGGRESSIVE;
				GCC_WARN_UNUSED_FUNCTION = YES;
				GCC_WARN_UNUSED_VARIABLE = YES;
				IPHONEOS_DEPLOYMENT_TARGET = 14.0;
				MTL_ENABLE_DEBUG_INFO = INCLUDE_SOURCE;
				MTL_FAST_MATH = YES;
				ONLY_ACTIVE_ARCH = YES;
				SDKROOT = iphoneos;
				SWIFT_ACTIVE_COMPILATION_CONDITIONS = DEBUG;
				SWIFT_OPTIMIZATION_LEVEL = "-Onone";
			};
			name = Debug;
		};
		73C6246B253986F100821DD6 /* Release */ = {
			isa = XCBuildConfiguration;
			buildSettings = {
				ALWAYS_SEARCH_USER_PATHS = NO;
				CLANG_ANALYZER_NONNULL = YES;
				CLANG_ANALYZER_NUMBER_OBJECT_CONVERSION = YES_AGGRESSIVE;
				CLANG_CXX_LANGUAGE_STANDARD = "gnu++14";
				CLANG_CXX_LIBRARY = "libc++";
				CLANG_ENABLE_MODULES = YES;
				CLANG_ENABLE_OBJC_ARC = YES;
				CLANG_ENABLE_OBJC_WEAK = YES;
				CLANG_WARN_BLOCK_CAPTURE_AUTORELEASING = YES;
				CLANG_WARN_BOOL_CONVERSION = YES;
				CLANG_WARN_COMMA = YES;
				CLANG_WARN_CONSTANT_CONVERSION = YES;
				CLANG_WARN_DEPRECATED_OBJC_IMPLEMENTATIONS = YES;
				CLANG_WARN_DIRECT_OBJC_ISA_USAGE = YES_ERROR;
				CLANG_WARN_DOCUMENTATION_COMMENTS = YES;
				CLANG_WARN_EMPTY_BODY = YES;
				CLANG_WARN_ENUM_CONVERSION = YES;
				CLANG_WARN_INFINITE_RECURSION = YES;
				CLANG_WARN_INT_CONVERSION = YES;
				CLANG_WARN_NON_LITERAL_NULL_CONVERSION = YES;
				CLANG_WARN_OBJC_IMPLICIT_RETAIN_SELF = YES;
				CLANG_WARN_OBJC_LITERAL_CONVERSION = YES;
				CLANG_WARN_OBJC_ROOT_CLASS = YES_ERROR;
				CLANG_WARN_QUOTED_INCLUDE_IN_FRAMEWORK_HEADER = YES;
				CLANG_WARN_RANGE_LOOP_ANALYSIS = YES;
				CLANG_WARN_STRICT_PROTOTYPES = YES;
				CLANG_WARN_SUSPICIOUS_MOVE = YES;
				CLANG_WARN_UNGUARDED_AVAILABILITY = YES_AGGRESSIVE;
				CLANG_WARN_UNREACHABLE_CODE = YES;
				CLANG_WARN__DUPLICATE_METHOD_MATCH = YES;
				COPY_PHASE_STRIP = NO;
				DEBUG_INFORMATION_FORMAT = "dwarf-with-dsym";
				ENABLE_NS_ASSERTIONS = NO;
				ENABLE_STRICT_OBJC_MSGSEND = YES;
				GCC_C_LANGUAGE_STANDARD = gnu11;
				GCC_NO_COMMON_BLOCKS = YES;
				GCC_WARN_64_TO_32_BIT_CONVERSION = YES;
				GCC_WARN_ABOUT_RETURN_TYPE = YES_ERROR;
				GCC_WARN_UNDECLARED_SELECTOR = YES;
				GCC_WARN_UNINITIALIZED_AUTOS = YES_AGGRESSIVE;
				GCC_WARN_UNUSED_FUNCTION = YES;
				GCC_WARN_UNUSED_VARIABLE = YES;
				IPHONEOS_DEPLOYMENT_TARGET = 14.0;
				MTL_ENABLE_DEBUG_INFO = NO;
				MTL_FAST_MATH = YES;
				SDKROOT = iphoneos;
				SWIFT_COMPILATION_MODE = wholemodule;
				SWIFT_OPTIMIZATION_LEVEL = "-O";
				VALIDATE_PRODUCT = YES;
			};
			name = Release;
		};
		73C6246D253986F100821DD6 /* Debug */ = {
			isa = XCBuildConfiguration;
			buildSettings = {
				ASSETCATALOG_COMPILER_APPICON_NAME = AppIcon;
				ASSETCATALOG_COMPILER_GLOBAL_ACCENT_COLOR_NAME = AccentColor;
				CODE_SIGN_STYLE = Automatic;
				DEVELOPMENT_TEAM = QL936YF39M;
				INFOPLIST_FILE = weatherPutOn/Info.plist;
				IPHONEOS_DEPLOYMENT_TARGET = 13.0;
				LD_RUNPATH_SEARCH_PATHS = (
					"$(inherited)",
					"@executable_path/Frameworks",
				);
				PRODUCT_BUNDLE_IDENTIFIER = com.Qussk.weatherPutOn;
				PRODUCT_NAME = "$(TARGET_NAME)";
				SWIFT_VERSION = 5.0;
				TARGETED_DEVICE_FAMILY = "1,2";
			};
			name = Debug;
		};
		73C6246E253986F100821DD6 /* Release */ = {
			isa = XCBuildConfiguration;
			buildSettings = {
				ASSETCATALOG_COMPILER_APPICON_NAME = AppIcon;
				ASSETCATALOG_COMPILER_GLOBAL_ACCENT_COLOR_NAME = AccentColor;
				CODE_SIGN_STYLE = Automatic;
				DEVELOPMENT_TEAM = QL936YF39M;
				INFOPLIST_FILE = weatherPutOn/Info.plist;
				IPHONEOS_DEPLOYMENT_TARGET = 13.0;
				LD_RUNPATH_SEARCH_PATHS = (
					"$(inherited)",
					"@executable_path/Frameworks",
				);
				PRODUCT_BUNDLE_IDENTIFIER = com.Qussk.weatherPutOn;
				PRODUCT_NAME = "$(TARGET_NAME)";
				SWIFT_VERSION = 5.0;
				TARGETED_DEVICE_FAMILY = "1,2";
			};
			name = Release;
		};
/* End XCBuildConfiguration section */

/* Begin XCConfigurationList section */
		73C62453253986EE00821DD6 /* Build configuration list for PBXProject "weatherPutOn" */ = {
			isa = XCConfigurationList;
			buildConfigurations = (
				73C6246A253986F100821DD6 /* Debug */,
				73C6246B253986F100821DD6 /* Release */,
			);
			defaultConfigurationIsVisible = 0;
			defaultConfigurationName = Release;
		};
		73C6246C253986F100821DD6 /* Build configuration list for PBXNativeTarget "weatherPutOn" */ = {
			isa = XCConfigurationList;
			buildConfigurations = (
				73C6246D253986F100821DD6 /* Debug */,
				73C6246E253986F100821DD6 /* Release */,
			);
			defaultConfigurationIsVisible = 0;
			defaultConfigurationName = Release;
		};
/* End XCConfigurationList section */
	};
	rootObject = 73C62450253986EE00821DD6 /* Project object */;
}
